// !$*UTF8*$!
{
	archiveVersion = 1;
	classes = {
	};
	objectVersion = 56;
	objects = {

/* Begin PBXBuildFile section */
		D925B2702BFEEB530031CAC8 /* AppDelegate.swift in Sources */ = {isa = PBXBuildFile; fileRef = D925B26F2BFEEB530031CAC8 /* AppDelegate.swift */; };
		D925B2722BFEEB530031CAC8 /* SceneDelegate.swift in Sources */ = {isa = PBXBuildFile; fileRef = D925B2712BFEEB530031CAC8 /* SceneDelegate.swift */; };
		D925B2742BFEEB530031CAC8 /* MoodSelectionViewController.swift in Sources */ = {isa = PBXBuildFile; fileRef = D925B2732BFEEB530031CAC8 /* MoodSelectionViewController.swift */; };
		D925B2772BFEEB530031CAC8 /* Base in Resources */ = {isa = PBXBuildFile; fileRef = D925B2762BFEEB530031CAC8 /* Base */; };
		D925B2792BFEEB550031CAC8 /* Assets.xcassets in Resources */ = {isa = PBXBuildFile; fileRef = D925B2782BFEEB550031CAC8 /* Assets.xcassets */; };
		D925B27C2BFEEB550031CAC8 /* Base in Resources */ = {isa = PBXBuildFile; fileRef = D925B27B2BFEEB550031CAC8 /* Base */; };
		D925B2872BFEEB550031CAC8 /* MandalaTests.swift in Sources */ = {isa = PBXBuildFile; fileRef = D925B2862BFEEB550031CAC8 /* MandalaTests.swift */; };
		D925B2912BFEEB550031CAC8 /* MandalaUITests.swift in Sources */ = {isa = PBXBuildFile; fileRef = D925B2902BFEEB550031CAC8 /* MandalaUITests.swift */; };
		D925B2932BFEEB550031CAC8 /* MandalaUITestsLaunchTests.swift in Sources */ = {isa = PBXBuildFile; fileRef = D925B2922BFEEB550031CAC8 /* MandalaUITestsLaunchTests.swift */; };
		D925B2A02BFEEBA80031CAC8 /* Mood.swift in Sources */ = {isa = PBXBuildFile; fileRef = D925B29F2BFEEBA80031CAC8 /* Mood.swift */; };
		D925B2A22BFEEC460031CAC8 /* MoodEntry.swift in Sources */ = {isa = PBXBuildFile; fileRef = D925B2A12BFEEC460031CAC8 /* MoodEntry.swift */; };
		D925B2A42BFEEF630031CAC8 /* UIColor+Mandala.swift in Sources */ = {isa = PBXBuildFile; fileRef = D925B2A32BFEEF630031CAC8 /* UIColor+Mandala.swift */; };
		D925B2A62BFEF0BC0031CAC8 /* UIImage+Mandala.swift in Sources */ = {isa = PBXBuildFile; fileRef = D925B2A52BFEF0BC0031CAC8 /* UIImage+Mandala.swift */; };
		D925B2A82BFF516E0031CAC8 /* MoodListViewController.swift in Sources */ = {isa = PBXBuildFile; fileRef = D925B2A72BFF516E0031CAC8 /* MoodListViewController.swift */; };
		D925B2AA2BFF7D3B0031CAC8 /* MoodsConfigurable.swift in Sources */ = {isa = PBXBuildFile; fileRef = D925B2A92BFF7D3B0031CAC8 /* MoodsConfigurable.swift */; };
		D984436D2C00412800AFA2B6 /* ImageSelector.swift in Sources */ = {isa = PBXBuildFile; fileRef = D984436C2C00412800AFA2B6 /* ImageSelector.swift */; };
/* End PBXBuildFile section */

/* Begin PBXContainerItemProxy section */
		D925B2832BFEEB550031CAC8 /* PBXContainerItemProxy */ = {
			isa = PBXContainerItemProxy;
			containerPortal = D925B2642BFEEB530031CAC8 /* Project object */;
			proxyType = 1;
			remoteGlobalIDString = D925B26B2BFEEB530031CAC8;
			remoteInfo = Mandala;
		};
		D925B28D2BFEEB550031CAC8 /* PBXContainerItemProxy */ = {
			isa = PBXContainerItemProxy;
			containerPortal = D925B2642BFEEB530031CAC8 /* Project object */;
			proxyType = 1;
			remoteGlobalIDString = D925B26B2BFEEB530031CAC8;
			remoteInfo = Mandala;
		};
/* End PBXContainerItemProxy section */

/* Begin PBXFileReference section */
		D925B26C2BFEEB530031CAC8 /* Mandala.app */ = {isa = PBXFileReference; explicitFileType = wrapper.application; includeInIndex = 0; path = Mandala.app; sourceTree = BUILT_PRODUCTS_DIR; };
		D925B26F2BFEEB530031CAC8 /* AppDelegate.swift */ = {isa = PBXFileReference; lastKnownFileType = sourcecode.swift; path = AppDelegate.swift; sourceTree = "<group>"; };
		D925B2712BFEEB530031CAC8 /* SceneDelegate.swift */ = {isa = PBXFileReference; lastKnownFileType = sourcecode.swift; path = SceneDelegate.swift; sourceTree = "<group>"; };
		D925B2732BFEEB530031CAC8 /* MoodSelectionViewController.swift */ = {isa = PBXFileReference; lastKnownFileType = sourcecode.swift; path = MoodSelectionViewController.swift; sourceTree = "<group>"; };
		D925B2762BFEEB530031CAC8 /* Base */ = {isa = PBXFileReference; lastKnownFileType = file.storyboard; name = Base; path = Base.lproj/Main.storyboard; sourceTree = "<group>"; };
		D925B2782BFEEB550031CAC8 /* Assets.xcassets */ = {isa = PBXFileReference; lastKnownFileType = folder.assetcatalog; path = Assets.xcassets; sourceTree = "<group>"; };
		D925B27B2BFEEB550031CAC8 /* Base */ = {isa = PBXFileReference; lastKnownFileType = file.storyboard; name = Base; path = Base.lproj/LaunchScreen.storyboard; sourceTree = "<group>"; };
		D925B27D2BFEEB550031CAC8 /* Info.plist */ = {isa = PBXFileReference; lastKnownFileType = text.plist.xml; path = Info.plist; sourceTree = "<group>"; };
		D925B2822BFEEB550031CAC8 /* MandalaTests.xctest */ = {isa = PBXFileReference; explicitFileType = wrapper.cfbundle; includeInIndex = 0; path = MandalaTests.xctest; sourceTree = BUILT_PRODUCTS_DIR; };
		D925B2862BFEEB550031CAC8 /* MandalaTests.swift */ = {isa = PBXFileReference; lastKnownFileType = sourcecode.swift; path = MandalaTests.swift; sourceTree = "<group>"; };
		D925B28C2BFEEB550031CAC8 /* MandalaUITests.xctest */ = {isa = PBXFileReference; explicitFileType = wrapper.cfbundle; includeInIndex = 0; path = MandalaUITests.xctest; sourceTree = BUILT_PRODUCTS_DIR; };
		D925B2902BFEEB550031CAC8 /* MandalaUITests.swift */ = {isa = PBXFileReference; lastKnownFileType = sourcecode.swift; path = MandalaUITests.swift; sourceTree = "<group>"; };
		D925B2922BFEEB550031CAC8 /* MandalaUITestsLaunchTests.swift */ = {isa = PBXFileReference; lastKnownFileType = sourcecode.swift; path = MandalaUITestsLaunchTests.swift; sourceTree = "<group>"; };
		D925B29F2BFEEBA80031CAC8 /* Mood.swift */ = {isa = PBXFileReference; lastKnownFileType = sourcecode.swift; path = Mood.swift; sourceTree = "<group>"; };
		D925B2A12BFEEC460031CAC8 /* MoodEntry.swift */ = {isa = PBXFileReference; lastKnownFileType = sourcecode.swift; path = MoodEntry.swift; sourceTree = "<group>"; };
		D925B2A32BFEEF630031CAC8 /* UIColor+Mandala.swift */ = {isa = PBXFileReference; lastKnownFileType = sourcecode.swift; path = "UIColor+Mandala.swift"; sourceTree = "<group>"; };
		D925B2A52BFEF0BC0031CAC8 /* UIImage+Mandala.swift */ = {isa = PBXFileReference; lastKnownFileType = sourcecode.swift; path = "UIImage+Mandala.swift"; sourceTree = "<group>"; };
		D925B2A72BFF516E0031CAC8 /* MoodListViewController.swift */ = {isa = PBXFileReference; lastKnownFileType = sourcecode.swift; path = MoodListViewController.swift; sourceTree = "<group>"; };
		D925B2A92BFF7D3B0031CAC8 /* MoodsConfigurable.swift */ = {isa = PBXFileReference; lastKnownFileType = sourcecode.swift; path = MoodsConfigurable.swift; sourceTree = "<group>"; };
		D984436C2C00412800AFA2B6 /* ImageSelector.swift */ = {isa = PBXFileReference; lastKnownFileType = sourcecode.swift; path = ImageSelector.swift; sourceTree = "<group>"; };
/* End PBXFileReference section */

/* Begin PBXFrameworksBuildPhase section */
		D925B2692BFEEB530031CAC8 /* Frameworks */ = {
			isa = PBXFrameworksBuildPhase;
			buildActionMask = 2147483647;
			files = (
			);
			runOnlyForDeploymentPostprocessing = 0;
		};
		D925B27F2BFEEB550031CAC8 /* Frameworks */ = {
			isa = PBXFrameworksBuildPhase;
			buildActionMask = 2147483647;
			files = (
			);
			runOnlyForDeploymentPostprocessing = 0;
		};
		D925B2892BFEEB550031CAC8 /* Frameworks */ = {
			isa = PBXFrameworksBuildPhase;
			buildActionMask = 2147483647;
			files = (
			);
			runOnlyForDeploymentPostprocessing = 0;
		};
/* End PBXFrameworksBuildPhase section */

/* Begin PBXGroup section */
		D925B2632BFEEB530031CAC8 = {
			isa = PBXGroup;
			children = (
				D925B26E2BFEEB530031CAC8 /* Mandala */,
				D925B2852BFEEB550031CAC8 /* MandalaTests */,
				D925B28F2BFEEB550031CAC8 /* MandalaUITests */,
				D925B26D2BFEEB530031CAC8 /* Products */,
			);
			sourceTree = "<group>";
		};
		D925B26D2BFEEB530031CAC8 /* Products */ = {
			isa = PBXGroup;
			children = (
				D925B26C2BFEEB530031CAC8 /* Mandala.app */,
				D925B2822BFEEB550031CAC8 /* MandalaTests.xctest */,
				D925B28C2BFEEB550031CAC8 /* MandalaUITests.xctest */,
			);
			name = Products;
			sourceTree = "<group>";
		};
		D925B26E2BFEEB530031CAC8 /* Mandala */ = {
			isa = PBXGroup;
			children = (
				D925B26F2BFEEB530031CAC8 /* AppDelegate.swift */,
				D925B2712BFEEB530031CAC8 /* SceneDelegate.swift */,
				D925B2732BFEEB530031CAC8 /* MoodSelectionViewController.swift */,
				D925B2752BFEEB530031CAC8 /* Main.storyboard */,
				D925B2782BFEEB550031CAC8 /* Assets.xcassets */,
				D925B27A2BFEEB550031CAC8 /* LaunchScreen.storyboard */,
				D925B27D2BFEEB550031CAC8 /* Info.plist */,
				D925B29F2BFEEBA80031CAC8 /* Mood.swift */,
				D925B2A12BFEEC460031CAC8 /* MoodEntry.swift */,
				D925B2A32BFEEF630031CAC8 /* UIColor+Mandala.swift */,
				D925B2A52BFEF0BC0031CAC8 /* UIImage+Mandala.swift */,
				D925B2A72BFF516E0031CAC8 /* MoodListViewController.swift */,
				D925B2A92BFF7D3B0031CAC8 /* MoodsConfigurable.swift */,
				D984436C2C00412800AFA2B6 /* ImageSelector.swift */,
			);
			path = Mandala;
			sourceTree = "<group>";
		};
		D925B2852BFEEB550031CAC8 /* MandalaTests */ = {
			isa = PBXGroup;
			children = (
				D925B2862BFEEB550031CAC8 /* MandalaTests.swift */,
			);
			path = MandalaTests;
			sourceTree = "<group>";
		};
		D925B28F2BFEEB550031CAC8 /* MandalaUITests */ = {
			isa = PBXGroup;
			children = (
				D925B2902BFEEB550031CAC8 /* MandalaUITests.swift */,
				D925B2922BFEEB550031CAC8 /* MandalaUITestsLaunchTests.swift */,
			);
			path = MandalaUITests;
			sourceTree = "<group>";
		};
/* End PBXGroup section */

/* Begin PBXNativeTarget section */
		D925B26B2BFEEB530031CAC8 /* Mandala */ = {
			isa = PBXNativeTarget;
			buildConfigurationList = D925B2962BFEEB550031CAC8 /* Build configuration list for PBXNativeTarget "Mandala" */;
			buildPhases = (
				D925B2682BFEEB530031CAC8 /* Sources */,
				D925B2692BFEEB530031CAC8 /* Frameworks */,
				D925B26A2BFEEB530031CAC8 /* Resources */,
			);
			buildRules = (
			);
			dependencies = (
			);
			name = Mandala;
			productName = Mandala;
			productReference = D925B26C2BFEEB530031CAC8 /* Mandala.app */;
			productType = "com.apple.product-type.application";
		};
		D925B2812BFEEB550031CAC8 /* MandalaTests */ = {
			isa = PBXNativeTarget;
			buildConfigurationList = D925B2992BFEEB550031CAC8 /* Build configuration list for PBXNativeTarget "MandalaTests" */;
			buildPhases = (
				D925B27E2BFEEB550031CAC8 /* Sources */,
				D925B27F2BFEEB550031CAC8 /* Frameworks */,
				D925B2802BFEEB550031CAC8 /* Resources */,
			);
			buildRules = (
			);
			dependencies = (
				D925B2842BFEEB550031CAC8 /* PBXTargetDependency */,
			);
			name = MandalaTests;
			productName = MandalaTests;
			productReference = D925B2822BFEEB550031CAC8 /* MandalaTests.xctest */;
			productType = "com.apple.product-type.bundle.unit-test";
		};
		D925B28B2BFEEB550031CAC8 /* MandalaUITests */ = {
			isa = PBXNativeTarget;
			buildConfigurationList = D925B29C2BFEEB550031CAC8 /* Build configuration list for PBXNativeTarget "MandalaUITests" */;
			buildPhases = (
				D925B2882BFEEB550031CAC8 /* Sources */,
				D925B2892BFEEB550031CAC8 /* Frameworks */,
				D925B28A2BFEEB550031CAC8 /* Resources */,
			);
			buildRules = (
			);
			dependencies = (
				D925B28E2BFEEB550031CAC8 /* PBXTargetDependency */,
			);
			name = MandalaUITests;
			productName = MandalaUITests;
			productReference = D925B28C2BFEEB550031CAC8 /* MandalaUITests.xctest */;
			productType = "com.apple.product-type.bundle.ui-testing";
		};
/* End PBXNativeTarget section */

/* Begin PBXProject section */
		D925B2642BFEEB530031CAC8 /* Project object */ = {
			isa = PBXProject;
			attributes = {
				BuildIndependentTargetsInParallel = 1;
				LastSwiftUpdateCheck = 1540;
				LastUpgradeCheck = 1540;
				TargetAttributes = {
					D925B26B2BFEEB530031CAC8 = {
						CreatedOnToolsVersion = 15.4;
					};
					D925B2812BFEEB550031CAC8 = {
						CreatedOnToolsVersion = 15.4;
						TestTargetID = D925B26B2BFEEB530031CAC8;
					};
					D925B28B2BFEEB550031CAC8 = {
						CreatedOnToolsVersion = 15.4;
						TestTargetID = D925B26B2BFEEB530031CAC8;
					};
				};
			};
			buildConfigurationList = D925B2672BFEEB530031CAC8 /* Build configuration list for PBXProject "Mandala" */;
			compatibilityVersion = "Xcode 14.0";
			developmentRegion = en;
			hasScannedForEncodings = 0;
			knownRegions = (
				en,
				Base,
			);
			mainGroup = D925B2632BFEEB530031CAC8;
			productRefGroup = D925B26D2BFEEB530031CAC8 /* Products */;
			projectDirPath = "";
			projectRoot = "";
			targets = (
				D925B26B2BFEEB530031CAC8 /* Mandala */,
				D925B2812BFEEB550031CAC8 /* MandalaTests */,
				D925B28B2BFEEB550031CAC8 /* MandalaUITests */,
			);
		};
/* End PBXProject section */

/* Begin PBXResourcesBuildPhase section */
		D925B26A2BFEEB530031CAC8 /* Resources */ = {
			isa = PBXResourcesBuildPhase;
			buildActionMask = 2147483647;
			files = (
				D925B2792BFEEB550031CAC8 /* Assets.xcassets in Resources */,
				D925B27C2BFEEB550031CAC8 /* Base in Resources */,
				D925B2772BFEEB530031CAC8 /* Base in Resources */,
			);
			runOnlyForDeploymentPostprocessing = 0;
		};
		D925B2802BFEEB550031CAC8 /* Resources */ = {
			isa = PBXResourcesBuildPhase;
			buildActionMask = 2147483647;
			files = (
			);
			runOnlyForDeploymentPostprocessing = 0;
		};
		D925B28A2BFEEB550031CAC8 /* Resources */ = {
			isa = PBXResourcesBuildPhase;
			buildActionMask = 2147483647;
			files = (
			);
			runOnlyForDeploymentPostprocessing = 0;
		};
/* End PBXResourcesBuildPhase section */

/* Begin PBXSourcesBuildPhase section */
		D925B2682BFEEB530031CAC8 /* Sources */ = {
			isa = PBXSourcesBuildPhase;
			buildActionMask = 2147483647;
			files = (
				D925B2A02BFEEBA80031CAC8 /* Mood.swift in Sources */,
				D925B2A82BFF516E0031CAC8 /* MoodListViewController.swift in Sources */,
				D925B2742BFEEB530031CAC8 /* MoodSelectionViewController.swift in Sources */,
				D925B2A22BFEEC460031CAC8 /* MoodEntry.swift in Sources */,
				D925B2AA2BFF7D3B0031CAC8 /* MoodsConfigurable.swift in Sources */,
				D925B2702BFEEB530031CAC8 /* AppDelegate.swift in Sources */,
				D925B2A42BFEEF630031CAC8 /* UIColor+Mandala.swift in Sources */,
				D925B2A62BFEF0BC0031CAC8 /* UIImage+Mandala.swift in Sources */,
				D984436D2C00412800AFA2B6 /* ImageSelector.swift in Sources */,
				D925B2722BFEEB530031CAC8 /* SceneDelegate.swift in Sources */,
			);
			runOnlyForDeploymentPostprocessing = 0;
		};
		D925B27E2BFEEB550031CAC8 /* Sources */ = {
			isa = PBXSourcesBuildPhase;
			buildActionMask = 2147483647;
			files = (
				D925B2872BFEEB550031CAC8 /* MandalaTests.swift in Sources */,
			);
			runOnlyForDeploymentPostprocessing = 0;
		};
		D925B2882BFEEB550031CAC8 /* Sources */ = {
			isa = PBXSourcesBuildPhase;
			buildActionMask = 2147483647;
			files = (
				D925B2912BFEEB550031CAC8 /* MandalaUITests.swift in Sources */,
				D925B2932BFEEB550031CAC8 /* MandalaUITestsLaunchTests.swift in Sources */,
			);
			runOnlyForDeploymentPostprocessing = 0;
		};
/* End PBXSourcesBuildPhase section */

/* Begin PBXTargetDependency section */
		D925B2842BFEEB550031CAC8 /* PBXTargetDependency */ = {
			isa = PBXTargetDependency;
			target = D925B26B2BFEEB530031CAC8 /* Mandala */;
			targetProxy = D925B2832BFEEB550031CAC8 /* PBXContainerItemProxy */;
		};
		D925B28E2BFEEB550031CAC8 /* PBXTargetDependency */ = {
			isa = PBXTargetDependency;
			target = D925B26B2BFEEB530031CAC8 /* Mandala */;
			targetProxy = D925B28D2BFEEB550031CAC8 /* PBXContainerItemProxy */;
		};
/* End PBXTargetDependency section */

/* Begin PBXVariantGroup section */
		D925B2752BFEEB530031CAC8 /* Main.storyboard */ = {
			isa = PBXVariantGroup;
			children = (
				D925B2762BFEEB530031CAC8 /* Base */,
			);
			name = Main.storyboard;
			sourceTree = "<group>";
		};
		D925B27A2BFEEB550031CAC8 /* LaunchScreen.storyboard */ = {
			isa = PBXVariantGroup;
			children = (
				D925B27B2BFEEB550031CAC8 /* Base */,
			);
			name = LaunchScreen.storyboard;
			sourceTree = "<group>";
		};
/* End PBXVariantGroup section */

/* Begin XCBuildConfiguration section */
		D925B2942BFEEB550031CAC8 /* Debug */ = {
			isa = XCBuildConfiguration;
			buildSettings = {
				ALWAYS_SEARCH_USER_PATHS = NO;
				ASSETCATALOG_COMPILER_GENERATE_SWIFT_ASSET_SYMBOL_EXTENSIONS = YES;
				CLANG_ANALYZER_NONNULL = YES;
				CLANG_ANALYZER_NUMBER_OBJECT_CONVERSION = YES_AGGRESSIVE;
				CLANG_CXX_LANGUAGE_STANDARD = "gnu++20";
				CLANG_ENABLE_MODULES = YES;
				CLANG_ENABLE_OBJC_ARC = YES;
				CLANG_ENABLE_OBJC_WEAK = YES;
				CLANG_WARN_BLOCK_CAPTURE_AUTORELEASING = YES;
				CLANG_WARN_BOOL_CONVERSION = YES;
				CLANG_WARN_COMMA = YES;
				CLANG_WARN_CONSTANT_CONVERSION = YES;
				CLANG_WARN_DEPRECATED_OBJC_IMPLEMENTATIONS = YES;
				CLANG_WARN_DIRECT_OBJC_ISA_USAGE = YES_ERROR;
				CLANG_WARN_DOCUMENTATION_COMMENTS = YES;
				CLANG_WARN_EMPTY_BODY = YES;
				CLANG_WARN_ENUM_CONVERSION = YES;
				CLANG_WARN_INFINITE_RECURSION = YES;
				CLANG_WARN_INT_CONVERSION = YES;
				CLANG_WARN_NON_LITERAL_NULL_CONVERSION = YES;
				CLANG_WARN_OBJC_IMPLICIT_RETAIN_SELF = YES;
				CLANG_WARN_OBJC_LITERAL_CONVERSION = YES;
				CLANG_WARN_OBJC_ROOT_CLASS = YES_ERROR;
				CLANG_WARN_QUOTED_INCLUDE_IN_FRAMEWORK_HEADER = YES;
				CLANG_WARN_RANGE_LOOP_ANALYSIS = YES;
				CLANG_WARN_STRICT_PROTOTYPES = YES;
				CLANG_WARN_SUSPICIOUS_MOVE = YES;
				CLANG_WARN_UNGUARDED_AVAILABILITY = YES_AGGRESSIVE;
				CLANG_WARN_UNREACHABLE_CODE = YES;
				CLANG_WARN__DUPLICATE_METHOD_MATCH = YES;
				COPY_PHASE_STRIP = NO;
				DEBUG_INFORMATION_FORMAT = dwarf;
				ENABLE_STRICT_OBJC_MSGSEND = YES;
				ENABLE_TESTABILITY = YES;
				ENABLE_USER_SCRIPT_SANDBOXING = YES;
				GCC_C_LANGUAGE_STANDARD = gnu17;
				GCC_DYNAMIC_NO_PIC = NO;
				GCC_NO_COMMON_BLOCKS = YES;
				GCC_OPTIMIZATION_LEVEL = 0;
				GCC_PREPROCESSOR_DEFINITIONS = (
					"DEBUG=1",
					"$(inherited)",
				);
				GCC_WARN_64_TO_32_BIT_CONVERSION = YES;
				GCC_WARN_ABOUT_RETURN_TYPE = YES_ERROR;
				GCC_WARN_UNDECLARED_SELECTOR = YES;
				GCC_WARN_UNINITIALIZED_AUTOS = YES_AGGRESSIVE;
				GCC_WARN_UNUSED_FUNCTION = YES;
				GCC_WARN_UNUSED_VARIABLE = YES;
				IPHONEOS_DEPLOYMENT_TARGET = 17.5;
				LOCALIZATION_PREFERS_STRING_CATALOGS = YES;
				MTL_ENABLE_DEBUG_INFO = INCLUDE_SOURCE;
				MTL_FAST_MATH = YES;
				ONLY_ACTIVE_ARCH = YES;
				SDKROOT = iphoneos;
				SWIFT_ACTIVE_COMPILATION_CONDITIONS = "DEBUG $(inherited)";
				SWIFT_OPTIMIZATION_LEVEL = "-Onone";
			};
			name = Debug;
		};
		D925B2952BFEEB550031CAC8 /* Release */ = {
			isa = XCBuildConfiguration;
			buildSettings = {
				ALWAYS_SEARCH_USER_PATHS = NO;
				ASSETCATALOG_COMPILER_GENERATE_SWIFT_ASSET_SYMBOL_EXTENSIONS = YES;
				CLANG_ANALYZER_NONNULL = YES;
				CLANG_ANALYZER_NUMBER_OBJECT_CONVERSION = YES_AGGRESSIVE;
				CLANG_CXX_LANGUAGE_STANDARD = "gnu++20";
				CLANG_ENABLE_MODULES = YES;
				CLANG_ENABLE_OBJC_ARC = YES;
				CLANG_ENABLE_OBJC_WEAK = YES;
				CLANG_WARN_BLOCK_CAPTURE_AUTORELEASING = YES;
				CLANG_WARN_BOOL_CONVERSION = YES;
				CLANG_WARN_COMMA = YES;
				CLANG_WARN_CONSTANT_CONVERSION = YES;
				CLANG_WARN_DEPRECATED_OBJC_IMPLEMENTATIONS = YES;
				CLANG_WARN_DIRECT_OBJC_ISA_USAGE = YES_ERROR;
				CLANG_WARN_DOCUMENTATION_COMMENTS = YES;
				CLANG_WARN_EMPTY_BODY = YES;
				CLANG_WARN_ENUM_CONVERSION = YES;
				CLANG_WARN_INFINITE_RECURSION = YES;
				CLANG_WARN_INT_CONVERSION = YES;
				CLANG_WARN_NON_LITERAL_NULL_CONVERSION = YES;
				CLANG_WARN_OBJC_IMPLICIT_RETAIN_SELF = YES;
				CLANG_WARN_OBJC_LITERAL_CONVERSION = YES;
				CLANG_WARN_OBJC_ROOT_CLASS = YES_ERROR;
				CLANG_WARN_QUOTED_INCLUDE_IN_FRAMEWORK_HEADER = YES;
				CLANG_WARN_RANGE_LOOP_ANALYSIS = YES;
				CLANG_WARN_STRICT_PROTOTYPES = YES;
				CLANG_WARN_SUSPICIOUS_MOVE = YES;
				CLANG_WARN_UNGUARDED_AVAILABILITY = YES_AGGRESSIVE;
				CLANG_WARN_UNREACHABLE_CODE = YES;
				CLANG_WARN__DUPLICATE_METHOD_MATCH = YES;
				COPY_PHASE_STRIP = NO;
				DEBUG_INFORMATION_FORMAT = "dwarf-with-dsym";
				ENABLE_NS_ASSERTIONS = NO;
				ENABLE_STRICT_OBJC_MSGSEND = YES;
				ENABLE_USER_SCRIPT_SANDBOXING = YES;
				GCC_C_LANGUAGE_STANDARD = gnu17;
				GCC_NO_COMMON_BLOCKS = YES;
				GCC_WARN_64_TO_32_BIT_CONVERSION = YES;
				GCC_WARN_ABOUT_RETURN_TYPE = YES_ERROR;
				GCC_WARN_UNDECLARED_SELECTOR = YES;
				GCC_WARN_UNINITIALIZED_AUTOS = YES_AGGRESSIVE;
				GCC_WARN_UNUSED_FUNCTION = YES;
				GCC_WARN_UNUSED_VARIABLE = YES;
				IPHONEOS_DEPLOYMENT_TARGET = 17.5;
				LOCALIZATION_PREFERS_STRING_CATALOGS = YES;
				MTL_ENABLE_DEBUG_INFO = NO;
				MTL_FAST_MATH = YES;
				SDKROOT = iphoneos;
				SWIFT_COMPILATION_MODE = wholemodule;
				VALIDATE_PRODUCT = YES;
			};
			name = Release;
		};
		D925B2972BFEEB550031CAC8 /* Debug */ = {
			isa = XCBuildConfiguration;
			buildSettings = {
				ASSETCATALOG_COMPILER_APPICON_NAME = AppIcon;
				ASSETCATALOG_COMPILER_GLOBAL_ACCENT_COLOR_NAME = AccentColor;
				CODE_SIGN_STYLE = Automatic;
				CURRENT_PROJECT_VERSION = 1;
				GENERATE_INFOPLIST_FILE = YES;
				INFOPLIST_FILE = Mandala/Info.plist;
				INFOPLIST_KEY_UIApplicationSupportsIndirectInputEvents = YES;
				INFOPLIST_KEY_UILaunchStoryboardName = LaunchScreen;
				INFOPLIST_KEY_UIMainStoryboardFile = Main;
				INFOPLIST_KEY_UISupportedInterfaceOrientations_iPad = "UIInterfaceOrientationPortrait UIInterfaceOrientationPortraitUpsideDown UIInterfaceOrientationLandscapeLeft UIInterfaceOrientationLandscapeRight";
				INFOPLIST_KEY_UISupportedInterfaceOrientations_iPhone = "UIInterfaceOrientationPortrait UIInterfaceOrientationLandscapeLeft UIInterfaceOrientationLandscapeRight";
				LD_RUNPATH_SEARCH_PATHS = (
					"$(inherited)",
					"@executable_path/Frameworks",
				);
				MARKETING_VERSION = 1.0;
				PRODUCT_BUNDLE_IDENTIFIER = AlphaCode.Mandala;
				PRODUCT_NAME = "$(TARGET_NAME)";
				SWIFT_EMIT_LOC_STRINGS = YES;
				SWIFT_VERSION = 5.0;
				TARGETED_DEVICE_FAMILY = "1,2";
			};
			name = Debug;
		};
		D925B2982BFEEB550031CAC8 /* Release */ = {
			isa = XCBuildConfiguration;
			buildSettings = {
				ASSETCATALOG_COMPILER_APPICON_NAME = AppIcon;
				ASSETCATALOG_COMPILER_GLOBAL_ACCENT_COLOR_NAME = AccentColor;
				CODE_SIGN_STYLE = Automatic;
				CURRENT_PROJECT_VERSION = 1;
				GENERATE_INFOPLIST_FILE = YES;
				INFOPLIST_FILE = Mandala/Info.plist;
				INFOPLIST_KEY_UIApplicationSupportsIndirectInputEvents = YES;
				INFOPLIST_KEY_UILaunchStoryboardName = LaunchScreen;
				INFOPLIST_KEY_UIMainStoryboardFile = Main;
				INFOPLIST_KEY_UISupportedInterfaceOrientations_iPad = "UIInterfaceOrientationPortrait UIInterfaceOrientationPortraitUpsideDown UIInterfaceOrientationLandscapeLeft UIInterfaceOrientationLandscapeRight";
				INFOPLIST_KEY_UISupportedInterfaceOrientations_iPhone = "UIInterfaceOrientationPortrait UIInterfaceOrientationLandscapeLeft UIInterfaceOrientationLandscapeRight";
				LD_RUNPATH_SEARCH_PATHS = (
					"$(inherited)",
					"@executable_path/Frameworks",
				);
				MARKETING_VERSION = 1.0;
				PRODUCT_BUNDLE_IDENTIFIER = AlphaCode.Mandala;
				PRODUCT_NAME = "$(TARGET_NAME)";
				SWIFT_EMIT_LOC_STRINGS = YES;
				SWIFT_VERSION = 5.0;
				TARGETED_DEVICE_FAMILY = "1,2";
			};
			name = Release;
		};
		D925B29A2BFEEB550031CAC8 /* Debug */ = {
			isa = XCBuildConfiguration;
			buildSettings = {
				ALWAYS_EMBED_SWIFT_STANDARD_LIBRARIES = YES;
				BUNDLE_LOADER = "$(TEST_HOST)";
				CODE_SIGN_STYLE = Automatic;
				CURRENT_PROJECT_VERSION = 1;
				GENERATE_INFOPLIST_FILE = YES;
				IPHONEOS_DEPLOYMENT_TARGET = 17.5;
				MARKETING_VERSION = 1.0;
				PRODUCT_BUNDLE_IDENTIFIER = AlphaCode.MandalaTests;
				PRODUCT_NAME = "$(TARGET_NAME)";
				SWIFT_EMIT_LOC_STRINGS = NO;
				SWIFT_VERSION = 5.0;
				TARGETED_DEVICE_FAMILY = "1,2";
				TEST_HOST = "$(BUILT_PRODUCTS_DIR)/Mandala.app/$(BUNDLE_EXECUTABLE_FOLDER_PATH)/Mandala";
			};
			name = Debug;
		};
		D925B29B2BFEEB550031CAC8 /* Release */ = {
			isa = XCBuildConfiguration;
			buildSettings = {
				ALWAYS_EMBED_SWIFT_STANDARD_LIBRARIES = YES;
				BUNDLE_LOADER = "$(TEST_HOST)";
				CODE_SIGN_STYLE = Automatic;
				CURRENT_PROJECT_VERSION = 1;
				GENERATE_INFOPLIST_FILE = YES;
				IPHONEOS_DEPLOYMENT_TARGET = 17.5;
				MARKETING_VERSION = 1.0;
				PRODUCT_BUNDLE_IDENTIFIER = AlphaCode.MandalaTests;
				PRODUCT_NAME = "$(TARGET_NAME)";
				SWIFT_EMIT_LOC_STRINGS = NO;
				SWIFT_VERSION = 5.0;
				TARGETED_DEVICE_FAMILY = "1,2";
				TEST_HOST = "$(BUILT_PRODUCTS_DIR)/Mandala.app/$(BUNDLE_EXECUTABLE_FOLDER_PATH)/Mandala";
			};
			name = Release;
		};
		D925B29D2BFEEB550031CAC8 /* Debug */ = {
			isa = XCBuildConfiguration;
			buildSettings = {
				ALWAYS_EMBED_SWIFT_STANDARD_LIBRARIES = YES;
				CODE_SIGN_STYLE = Automatic;
				CURRENT_PROJECT_VERSION = 1;
				GENERATE_INFOPLIST_FILE = YES;
				MARKETING_VERSION = 1.0;
				PRODUCT_BUNDLE_IDENTIFIER = AlphaCode.MandalaUITests;
				PRODUCT_NAME = "$(TARGET_NAME)";
				SWIFT_EMIT_LOC_STRINGS = NO;
				SWIFT_VERSION = 5.0;
				TARGETED_DEVICE_FAMILY = "1,2";
				TEST_TARGET_NAME = Mandala;
			};
			name = Debug;
		};
		D925B29E2BFEEB550031CAC8 /* Release */ = {
			isa = XCBuildConfiguration;
			buildSettings = {
				ALWAYS_EMBED_SWIFT_STANDARD_LIBRARIES = YES;
				CODE_SIGN_STYLE = Automatic;
				CURRENT_PROJECT_VERSION = 1;
				GENERATE_INFOPLIST_FILE = YES;
				MARKETING_VERSION = 1.0;
				PRODUCT_BUNDLE_IDENTIFIER = AlphaCode.MandalaUITests;
				PRODUCT_NAME = "$(TARGET_NAME)";
				SWIFT_EMIT_LOC_STRINGS = NO;
				SWIFT_VERSION = 5.0;
				TARGETED_DEVICE_FAMILY = "1,2";
				TEST_TARGET_NAME = Mandala;
			};
			name = Release;
		};
/* End XCBuildConfiguration section */

/* Begin XCConfigurationList section */
		D925B2672BFEEB530031CAC8 /* Build configuration list for PBXProject "Mandala" */ = {
			isa = XCConfigurationList;
			buildConfigurations = (
				D925B2942BFEEB550031CAC8 /* Debug */,
				D925B2952BFEEB550031CAC8 /* Release */,
			);
			defaultConfigurationIsVisible = 0;
			defaultConfigurationName = Release;
		};
		D925B2962BFEEB550031CAC8 /* Build configuration list for PBXNativeTarget "Mandala" */ = {
			isa = XCConfigurationList;
			buildConfigurations = (
				D925B2972BFEEB550031CAC8 /* Debug */,
				D925B2982BFEEB550031CAC8 /* Release */,
			);
			defaultConfigurationIsVisible = 0;
			defaultConfigurationName = Release;
		};
		D925B2992BFEEB550031CAC8 /* Build configuration list for PBXNativeTarget "MandalaTests" */ = {
			isa = XCConfigurationList;
			buildConfigurations = (
				D925B29A2BFEEB550031CAC8 /* Debug */,
				D925B29B2BFEEB550031CAC8 /* Release */,
			);
			defaultConfigurationIsVisible = 0;
			defaultConfigurationName = Release;
		};
		D925B29C2BFEEB550031CAC8 /* Build configuration list for PBXNativeTarget "MandalaUITests" */ = {
			isa = XCConfigurationList;
			buildConfigurations = (
				D925B29D2BFEEB550031CAC8 /* Debug */,
				D925B29E2BFEEB550031CAC8 /* Release */,
			);
			defaultConfigurationIsVisible = 0;
			defaultConfigurationName = Release;
		};
/* End XCConfigurationList section */
	};
	rootObject = D925B2642BFEEB530031CAC8 /* Project object */;
}
